{
  "version": 4,
  "terraform_version": "1.16.0",
  "serial": 24,
  "lineage": "2fee33a2-3afc-8284-3f25-4e52af20e54e",
  "outputs": {
    "clinics_db_host": {
      "value": "rc1a-t47597hhtopadvia.mdb.yandexcloud.net",
      "type": "string"
    },
    "data_lake_bucket": {
      "value": "future20-dev-data-lake",
      "type": "string"
    },
    "nat_gateway_id": {
      "value": "enpkq1obn144gan4ujk4",
      "type": "string"
    },
    "network_id": {
      "value": "enphnb3330jcafkiu95g",
      "type": "string"
    },
    "portal_public_ip": {
      "value": "51.250.9.124",
      "type": "string"
    },
    "subnet_ids": {
      "value": {
        "ai": "e9bikd9od0uf309ojh1o",
        "clinics": "e9bmfqi2vais3r3gtmqb",
        "fintech": "e9bbefh18duchku6f7c8",
        "platform": "e9bmb1oaqiudbu8r1pqm"
      },
      "type": [
        "object",
        {
          "ai": "string",
          "clinics": "string",
          "fintech": "string",
          "platform": "string"
        }
      ]
    },
    "vm_private_ips": {
      "value": {
        "analytics": "10.0.1.19",
        "integration": "10.0.1.6",
        "portal": "10.0.1.3"
      },
      "type": [
        "object",
        {
          "analytics": "string",
          "integration": "string",
          "portal": "string"
        }
      ]
    }
  },
  "resources": [
    {
      "mode": "data",
      "type": "yandex_compute_image",
      "name": "ubuntu",
      "provider": "provider[\"registry.terraform.io/yandex-cloud/yandex\"]",
      "instances": [
        {
          "schema_version": 0,
          "attributes": {
            "created_at": "2026-08-24T18:27:46Z",
            "description": "Ubuntu 22.04 lts v20260821030106",
            "family": "ubuntu-2204-lts",
            "folder_id": "standard-images",
            "id": "fd8hcecd53ja0e0ru4ct",
            "image_id": "fd8hcecd53ja0e0ru4ct",
            "labels": {
              "version": "20260821030106",
              "x-hopper-operation-id": "d9pldgcereclrkb2rcsn",
              "x-hopper-source-image-id": "fd8rn0ij58klck7vh4kg"
            },
            "min_disk_size": 8,
            "name": "ubuntu-22-04-lts-v20260824",
            "os_type": "linux",
            "pooled": true,
            "product_ids": [
              "f2e947qf7choatqjrv01"
            ],
            "size": 2,
            "status": "ready"
          },
          "sensitive_attributes": [],
          "identity_schema_version": 0
        }
      ]
    },
    {
      "mode": "managed",
      "type": "yandex_compute_disk",
      "name": "analytics_data",
      "provider": "provider[\"registry.terraform.io/yandex-cloud/yandex\"]",
      "instances": [
        {
          "schema_version": 0,
          "attributes": {
            "allow_recreate": null,
            "block_size": 4096,
            "created_at": "2026-08-31T13:10:20Z",
            "description": "",
            "disk_placement_policy": [
              {
                "disk_placement_group_id": ""
              }
            ],
            "folder_id": "b1gq2jbqgstql6v5r6c6",
            "id": "fhmqid5gqb2v2qoc0tfp",
            "image_id": "",
            "labels": null,
            "name": "future20-dev-analytics-data",
            "product_ids": [],
            "size": 50,
            "snapshot_id": "",
            "status": "ready",
            "timeouts": null,
            "type": "network-ssd",
            "zone": "ru-central1-a"
          },
          "sensitive_attributes": [],
          "identity_schema_version": 0,
          "private": "eyJlMmJmYjczMC1lY2FhLTExZTYtOGY4OC0zNDM2M2JjN2M0YzAiOnsiY3JlYXRlIjozMDAwMDAwMDAwMDAsImRlbGV0ZSI6MzAwMDAwMDAwMDAwLCJ1cGRhdGUiOjMwMDAwMDAwMDAwMH19"
        }
      ]
    },
    {
      "mode": "managed",
      "type": "yandex_compute_disk",
      "name": "portal_data",
      "provider": "provider[\"registry.terraform.io/yandex-cloud/yandex\"]",
      "instances": [
        {
          "schema_version": 0,
          "attributes": {
            "allow_recreate": null,
            "block_size": 4096,
            "created_at": "2026-08-31T12:53:31Z",
            "description": "",
            "disk_placement_policy": [
              {
                "disk_placement_group_id": ""
              }
            ],
            "folder_id": "b1gq2jbqgstql6v5r6c6",
            "id": "fhm5rm7udacejut0tv0l",
            "image_id": "",
            "labels": {},
            "name": "future20-dev-portal-data",
            "product_ids": [],
            "size": 50,
            "snapshot_id": "",
            "status": "ready",
            "timeouts": null,
            "type": "network-ssd",
            "zone": "ru-central1-a"
          },
          "sensitive_attributes": [],
          "identity_schema_version": 0,
          "private": "eyJlMmJmYjczMC1lY2FhLTExZTYtOGY4OC0zNDM2M2JjN2M0YzAiOnsiY3JlYXRlIjozMDAwMDAwMDAwMDAsImRlbGV0ZSI6MzAwMDAwMDAwMDAwLCJ1cGRhdGUiOjMwMDAwMDAwMDAwMH19"
        }
      ]
    },
    {
      "mode": "managed",
      "type": "yandex_compute_instance",
      "name": "analytics",
      "provider": "provider[\"registry.terraform.io/yandex-cloud/yandex\"]",
      "instances": [
        {
          "schema_version": 1,
          "attributes": {
            "allow_recreate": null,
            "allow_stopping_for_update": null,
            "boot_disk": [
              {
                "auto_delete": true,
                "device_name": "fhmdfbhse5kqgqseeef5",
                "disk_id": "fhmdfbhse5kqgqseeef5",
                "initialize_params": [
                  {
                    "block_size": 4096,
                    "description": "",
                    "image_id": "fd8hcecd53ja0e0ru4ct",
                    "name": "",
                    "size": 30,
                    "snapshot_id": "",
                    "type": "network-ssd"
                  }
                ],
                "mode": "READ_WRITE"
              }
            ],
            "created_at": "2026-08-31T13:10:33Z",
            "description": "",
            "filesystem": [],
            "folder_id": "b1gq2jbqgstql6v5r6c6",
            "fqdn": "fhml9a34862dsaj5s84t.auto.internal",
            "gpu_cluster_id": "",
            "hostname": "",
            "id": "fhml9a34862dsaj5s84t",
            "labels": null,
            "local_disk": [],
            "maintenance_grace_period": "",
            "maintenance_policy": null,
            "metadata": {
              "ssh-keys": "ubuntu:ssh-ed25519 AAAAC3NzaC1lZDI1NTE5AAAAIJK+x6+J+HNYxaHkKrLVXjFb+4M7/xN7fhWYb2O+/1qZ pok.nok@yandex.ru"
            },
            "metadata_options": [
              {
                "aws_v1_http_endpoint": 1,
                "aws_v1_http_token": 2,
                "gce_http_endpoint": 1,
                "gce_http_token": 1
              }
            ],
            "name": "future20-dev-analytics",
            "network_acceleration_type": "standard",
            "network_interface": [
              {
                "dns_record": [],
                "index": 0,
                "ip_address": "10.0.1.19",
                "ipv4": true,
                "ipv6": false,
                "ipv6_address": "",
                "ipv6_dns_record": [],
                "mac_address": "d0:0d:15:4a:86:44",
                "nat": false,
                "nat_dns_record": [],
                "nat_ip_address": "",
                "nat_ip_version": "",
                "security_group_ids": [
                  "enp08ucr0cu9bpb9jggj"
                ],
                "subnet_id": "e9bmb1oaqiudbu8r1pqm"
              }
            ],
            "placement_policy": [
              {
                "host_affinity_rules": [],
                "placement_group_id": "",
                "placement_group_partition": 0
              }
            ],
            "platform_id": "standard-v3",
            "resources": [
              {
                "core_fraction": 100,
                "cores": 8,
                "gpus": 0,
                "memory": 16
              }
            ],
            "scheduling_policy": [
              {
                "preemptible": false
              }
            ],
            "secondary_disk": [
              {
                "auto_delete": false,
                "device_name": "fhmqid5gqb2v2qoc0tfp",
                "disk_id": "fhmqid5gqb2v2qoc0tfp",
                "mode": "READ_WRITE"
              }
            ],
            "service_account_id": "",
            "status": "running",
            "timeouts": null,
            "zone": "ru-central1-a"
          },
          "sensitive_attributes": [
            [
              {
                "type": "get_attr",
                "value": "metadata"
              },
              {
                "type": "index",
                "value": {
                  "value": "ssh-keys",
                  "type": "string"
                }
              }
            ]
          ],
          "identity_schema_version": 0,
          "private": "eyJlMmJmYjczMC1lY2FhLTExZTYtOGY4OC0zNDM2M2JjN2M0YzAiOnsiY3JlYXRlIjozMDAwMDAwMDAwMDAsImRlbGV0ZSI6MzAwMDAwMDAwMDAwLCJ1cGRhdGUiOjMwMDAwMDAwMDAwMH0sInNjaGVtYV92ZXJzaW9uIjoiMSJ9",
          "dependencies": [
            "data.yandex_compute_image.ubuntu",
            "yandex_compute_disk.analytics_data",
            "yandex_vpc_gateway.nat",
            "yandex_vpc_network.main",
            "yandex_vpc_route_table.nat_rt",
            "yandex_vpc_security_group.internal_sg",
            "yandex_vpc_subnet.platform"
          ]
        }
      ]
    },
    {
      "mode": "managed",
      "type": "yandex_compute_instance",
      "name": "integration",
      "provider": "provider[\"registry.terraform.io/yandex-cloud/yandex\"]",
      "instances": [
        {
          "schema_version": 1,
          "attributes": {
            "allow_recreate": null,
            "allow_stopping_for_update": null,
            "boot_disk": [
              {
                "auto_delete": true,
                "device_name": "fhmcrcnntrjt1ubcbodc",
                "disk_id": "fhmcrcnntrjt1ubcbodc",
                "initialize_params": [
                  {
                    "block_size": 4096,
                    "description": "",
                    "image_id": "fd8hcecd53ja0e0ru4ct",
                    "name": "",
                    "size": 30,
                    "snapshot_id": "",
                    "type": "network-ssd"
                  }
                ],
                "mode": "READ_WRITE"
              }
            ],
            "created_at": "2026-08-31T12:53:38Z",
            "description": "",
            "filesystem": [],
            "folder_id": "b1gq2jbqgstql6v5r6c6",
            "fqdn": "fhmuog8rhiph4r7p9p84.auto.internal",
            "gpu_cluster_id": "",
            "hostname": "",
            "id": "fhmuog8rhiph4r7p9p84",
            "labels": {},
            "local_disk": [],
            "maintenance_grace_period": "",
            "maintenance_policy": null,
            "metadata": {
              "ssh-keys": "ubuntu:ssh-ed25519 AAAAC3NzaC1lZDI1NTE5AAAAIJK+x6+J+HNYxaHkKrLVXjFb+4M7/xN7fhWYb2O+/1qZ pok.nok@yandex.ru"
            },
            "metadata_options": [
              {
                "aws_v1_http_endpoint": 1,
                "aws_v1_http_token": 2,
                "gce_http_endpoint": 1,
                "gce_http_token": 1
              }
            ],
            "name": "future20-dev-integration",
            "network_acceleration_type": "standard",
            "network_interface": [
              {
                "dns_record": [],
                "index": 0,
                "ip_address": "10.0.1.6",
                "ipv4": true,
                "ipv6": false,
                "ipv6_address": "",
                "ipv6_dns_record": [],
                "mac_address": "d0:0d:1e:c4:11:b8",
                "nat": false,
                "nat_dns_record": [],
                "nat_ip_address": "",
                "nat_ip_version": "",
                "security_group_ids": [
                  "enp08ucr0cu9bpb9jggj"
                ],
                "subnet_id": "e9bmb1oaqiudbu8r1pqm"
              }
            ],
            "placement_policy": [
              {
                "host_affinity_rules": [],
                "placement_group_id": "",
                "placement_group_partition": 0
              }
            ],
            "platform_id": "standard-v3",
            "resources": [
              {
                "core_fraction": 100,
                "cores": 4,
                "gpus": 0,
                "memory": 8
              }
            ],
            "scheduling_policy": [
              {
                "preemptible": false
              }
            ],
            "secondary_disk": [],
            "service_account_id": "",
            "status": "running",
            "timeouts": null,
            "zone": "ru-central1-a"
          },
          "sensitive_attributes": [
            [
              {
                "type": "get_attr",
                "value": "metadata"
              },
              {
                "type": "index",
                "value": {
                  "value": "ssh-keys",
                  "type": "string"
                }
              }
            ]
          ],
          "identity_schema_version": 0,
          "private": "eyJlMmJmYjczMC1lY2FhLTExZTYtOGY4OC0zNDM2M2JjN2M0YzAiOnsiY3JlYXRlIjozMDAwMDAwMDAwMDAsImRlbGV0ZSI6MzAwMDAwMDAwMDAwLCJ1cGRhdGUiOjMwMDAwMDAwMDAwMH0sInNjaGVtYV92ZXJzaW9uIjoiMSJ9",
          "dependencies": [
            "data.yandex_compute_image.ubuntu",
            "yandex_vpc_gateway.nat",
            "yandex_vpc_network.main",
            "yandex_vpc_route_table.nat_rt",
            "yandex_vpc_security_group.internal_sg",
            "yandex_vpc_subnet.platform"
          ]
        }
      ]
    },
    {
      "mode": "managed",
      "type": "yandex_compute_instance",
      "name": "portal",
      "provider": "provider[\"registry.terraform.io/yandex-cloud/yandex\"]",
      "instances": [
        {
          "schema_version": 1,
          "attributes": {
            "allow_recreate": null,
            "allow_stopping_for_update": null,
            "boot_disk": [
              {
                "auto_delete": true,
                "device_name": "fhmcdpt8guqtnksj2b57",
                "disk_id": "fhmcdpt8guqtnksj2b57",
                "initialize_params": [
                  {
                    "block_size": 4096,
                    "description": "",
                    "image_id": "fd8hcecd53ja0e0ru4ct",
                    "name": "",
                    "size": 30,
                    "snapshot_id": "",
                    "type": "network-ssd"
                  }
                ],
                "mode": "READ_WRITE"
              }
            ],
            "created_at": "2026-08-31T12:53:43Z",
            "description": "",
            "filesystem": [],
            "folder_id": "b1gq2jbqgstql6v5r6c6",
            "fqdn": "fhm46o32ms4i6gfs6l73.auto.internal",
            "gpu_cluster_id": "",
            "hostname": "",
            "id": "fhm46o32ms4i6gfs6l73",
            "labels": {},
            "local_disk": [],
            "maintenance_grace_period": "",
            "maintenance_policy": null,
            "metadata": {
              "ssh-keys": "ubuntu:ssh-ed25519 AAAAC3NzaC1lZDI1NTE5AAAAIJK+x6+J+HNYxaHkKrLVXjFb+4M7/xN7fhWYb2O+/1qZ pok.nok@yandex.ru"
            },
            "metadata_options": [
              {
                "aws_v1_http_endpoint": 1,
                "aws_v1_http_token": 2,
                "gce_http_endpoint": 1,
                "gce_http_token": 1
              }
            ],
            "name": "future20-dev-portal",
            "network_acceleration_type": "standard",
            "network_interface": [
              {
                "dns_record": [],
                "index": 0,
                "ip_address": "10.0.1.3",
                "ipv4": true,
                "ipv6": false,
                "ipv6_address": "",
                "ipv6_dns_record": [],
                "mac_address": "d0:0d:43:60:62:b7",
                "nat": true,
                "nat_dns_record": [],
                "nat_ip_address": "51.250.9.124",
                "nat_ip_version": "IPV4",
                "security_group_ids": [
                  "enplbvdmg11vkkm2e49b"
                ],
                "subnet_id": "e9bmb1oaqiudbu8r1pqm"
              }
            ],
            "placement_policy": [
              {
                "host_affinity_rules": [],
                "placement_group_id": "",
                "placement_group_partition": 0
              }
            ],
            "platform_id": "standard-v3",
            "resources": [
              {
                "core_fraction": 100,
                "cores": 4,
                "gpus": 0,
                "memory": 8
              }
            ],
            "scheduling_policy": [
              {
                "preemptible": false
              }
            ],
            "secondary_disk": [
              {
                "auto_delete": false,
                "device_name": "fhm5rm7udacejut0tv0l",
                "disk_id": "fhm5rm7udacejut0tv0l",
                "mode": "READ_WRITE"
              }
            ],
            "service_account_id": "",
            "status": "running",
            "timeouts": null,
            "zone": "ru-central1-a"
          },
          "sensitive_attributes": [
            [
              {
                "type": "get_attr",
                "value": "metadata"
              },
              {
                "type": "index",
                "value": {
                  "value": "ssh-keys",
                  "type": "string"
                }
              }
            ]
          ],
          "identity_schema_version": 0,
          "private": "eyJlMmJmYjczMC1lY2FhLTExZTYtOGY4OC0zNDM2M2JjN2M0YzAiOnsiY3JlYXRlIjozMDAwMDAwMDAwMDAsImRlbGV0ZSI6MzAwMDAwMDAwMDAwLCJ1cGRhdGUiOjMwMDAwMDAwMDAwMH0sInNjaGVtYV92ZXJzaW9uIjoiMSJ9",
          "dependencies": [
            "data.yandex_compute_image.ubuntu",
            "yandex_compute_disk.portal_data",
            "yandex_vpc_address.portal",
            "yandex_vpc_gateway.nat",
            "yandex_vpc_network.main",
            "yandex_vpc_route_table.nat_rt",
            "yandex_vpc_security_group.public_sg",
            "yandex_vpc_subnet.platform"
          ]
        }
      ]
    },
    {
      "mode": "managed",
      "type": "yandex_mdb_postgresql_cluster",
      "name": "clinics",
      "provider": "provider[\"registry.terraform.io/yandex-cloud/yandex\"]",
      "instances": [
        {
          "schema_version": 0,
          "attributes": {
            "config": [
              {
                "access": [
                  {
                    "data_lens": false,
                    "data_transfer": false,
                    "serverless": false,
                    "web_sql": false
                  }
                ],
                "autofailover": true,
                "backup_retain_period_days": 7,
                "backup_window_start": [
                  {
                    "hours": 0,
                    "minutes": 0
                  }
                ],
                "disk_size_autoscaling": [
                  {
                    "disk_size_limit": 0,
                    "emergency_usage_threshold": 0,
                    "planned_usage_threshold": 0
                  }
                ],
                "performance_diagnostics": [
                  {
                    "enabled": false,
                    "sessions_sampling_interval": 60,
                    "statements_sampling_interval": 600
                  }
                ],
                "pooler_config": [],
                "postgresql_config": {
                  "debug_parallel_query": "0",
                  "password_encryption": "1",
                  "shared_preload_libraries": ""
                },
                "resources": [
                  {
                    "disk_size": 20,
                    "disk_type_id": "network-ssd",
                    "resource_preset_id": "s2.micro"
                  }
                ],
                "version": "16"
              }
            ],
            "created_at": "2026-08-31T12:53:36Z",
            "database": [],
            "deletion_protection": false,
            "description": "",
            "environment": "PRESTABLE",
            "folder_id": "b1gq2jbqgstql6v5r6c6",
            "health": "ALIVE",
            "host": [
              {
                "assign_public_ip": false,
                "fqdn": "rc1a-t47597hhtopadvia.mdb.yandexcloud.net",
                "name": "",
                "priority": 0,
                "replication_source": "",
                "replication_source_name": "",
                "role": "MASTER",
                "subnet_id": "e9bmfqi2vais3r3gtmqb",
                "zone": "ru-central1-a"
              }
            ],
            "host_group_ids": [],
            "host_master_name": "",
            "id": "c9qr4fu97uqt57qpfdqa",
            "labels": {},
            "maintenance_window": [
              {
                "day": "",
                "hour": 0,
                "type": "ANYTIME"
              }
            ],
            "name": "future20-dev-clinics-db",
            "network_id": "enphnb3330jcafkiu95g",
            "restore": [],
            "security_group_ids": [],
            "status": "RUNNING",
            "timeouts": null,
            "user": []
          },
          "sensitive_attributes": [],
          "identity_schema_version": 0,
          "private": "eyJlMmJmYjczMC1lY2FhLTExZTYtOGY4OC0zNDM2M2JjN2M0YzAiOnsiY3JlYXRlIjoxODAwMDAwMDAwMDAwLCJkZWxldGUiOjkwMDAwMDAwMDAwMCwidXBkYXRlIjozNjAwMDAwMDAwMDAwfX0=",
          "dependencies": [
            "yandex_vpc_gateway.nat",
            "yandex_vpc_network.main",
            "yandex_vpc_route_table.nat_rt",
            "yandex_vpc_subnet.clinics"
          ]
        }
      ]
    },
    {
      "mode": "managed",
      "type": "yandex_mdb_postgresql_database",
      "name": "clinics_db",
      "provider": "provider[\"registry.terraform.io/yandex-cloud/yandex\"]",
      "instances": [
        {
          "schema_version": 0,
          "attributes": {
            "cluster_id": "c9qr4fu97uqt57qpfdqa",
            "deletion_protection": "unspecified",
            "extension": [],
            "id": "c9qr4fu97uqt57qpfdqa:clinics",
            "lc_collate": "C",
            "lc_type": "C",
            "name": "clinics",
            "owner": "clinics_app",
            "template_db": "",
            "timeouts": null
          },
          "sensitive_attributes": [],
          "identity_schema_version": 0,
          "private": "eyJlMmJmYjczMC1lY2FhLTExZTYtOGY4OC0zNDM2M2JjN2M0YzAiOnsiY3JlYXRlIjo2MDAwMDAwMDAwMDAsImRlbGV0ZSI6NjAwMDAwMDAwMDAwLCJyZWFkIjo2MDAwMDAwMDAwMCwidXBkYXRlIjo2MDAwMDAwMDAwMDB9fQ==",
          "dependencies": [
            "yandex_mdb_postgresql_cluster.clinics",
            "yandex_mdb_postgresql_user.clinics_app",
            "yandex_vpc_gateway.nat",
            "yandex_vpc_network.main",
            "yandex_vpc_route_table.nat_rt",
            "yandex_vpc_subnet.clinics"
          ]
        }
      ]
    },
    {
      "mode": "managed",
      "type": "yandex_mdb_postgresql_user",
      "name": "clinics_app",
      "provider": "provider[\"registry.terraform.io/yandex-cloud/yandex\"]",
      "instances": [
        {
          "schema_version": 0,
          "attributes": {
            "cluster_id": "c9qr4fu97uqt57qpfdqa",
            "conn_limit": 50,
            "deletion_protection": "unspecified",
            "grants": [],
            "id": "c9qr4fu97uqt57qpfdqa:clinics_app",
            "login": true,
            "name": "clinics_app",
            "password": "ChangeMe_Str0ng_2026!",
            "permission": [],
            "settings": {},
            "timeouts": null
          },
          "sensitive_attributes": [
            [
              {
                "type": "get_attr",
                "value": "password"
              }
            ]
          ],
          "identity_schema_version": 0,
          "private": "eyJlMmJmYjczMC1lY2FhLTExZTYtOGY4OC0zNDM2M2JjN2M0YzAiOnsiY3JlYXRlIjo2MDAwMDAwMDAwMDAsImRlbGV0ZSI6NjAwMDAwMDAwMDAwLCJyZWFkIjo2MDAwMDAwMDAwMCwidXBkYXRlIjo2MDAwMDAwMDAwMDB9fQ==",
          "dependencies": [
            "yandex_mdb_postgresql_cluster.clinics",
            "yandex_vpc_gateway.nat",
            "yandex_vpc_network.main",
            "yandex_vpc_route_table.nat_rt",
            "yandex_vpc_subnet.clinics"
          ]
        }
      ]
    },
    {
      "mode": "managed",
      "type": "yandex_storage_bucket",
      "name": "lake",
      "provider": "provider[\"registry.terraform.io/yandex-cloud/yandex\"]",
      "instances": [
        {
          "schema_version": 1,
          "attributes": {
            "access_key": null,
            "acl": "private",
            "anonymous_access_flags": [
              {
                "config_read": false,
                "list": false,
                "read": false
              }
            ],
            "bucket": "future20-dev-data-lake",
            "bucket_domain_name": "future20-dev-data-lake.storage.yandexcloud.net",
            "bucket_prefix": null,
            "cors_rule": [],
            "default_storage_class": "STANDARD",
            "folder_id": "b1gq2jbqgstql6v5r6c6",
            "force_destroy": false,
            "grant": [],
            "https": [],
            "id": "future20-dev-data-lake",
            "lifecycle_rule": [],
            "logging": [],
            "max_size": 0,
            "object_lock_configuration": [],
            "policy": "",
            "secret_key": null,
            "server_side_encryption_configuration": [],
            "tags": {},
            "versioning": [
              {
                "enabled": false
              }
            ],
            "website": [],
            "website_domain": null,
            "website_endpoint": null
          },
          "sensitive_attributes": [
            [
              {
                "type": "get_attr",
                "value": "secret_key"
              }
            ]
          ],
          "identity_schema_version": 0,
          "private": "eyJzY2hlbWFfdmVyc2lvbiI6IjEifQ=="
        }
      ]
    },
    {
      "mode": "managed",
      "type": "yandex_vpc_address",
      "name": "portal",
      "provider": "provider[\"registry.terraform.io/yandex-cloud/yandex\"]",
      "instances": [
        {
          "schema_version": 0,
          "attributes": {
            "created_at": "2026-08-31T12:53:32Z",
            "deletion_protection": false,
            "description": "",
            "dns_record": [],
            "external_ipv4_address": [
              {
                "address": "51.250.9.124",
                "ddos_protection_provider": "",
                "outgoing_smtp_capability": "",
                "zone_id": "ru-central1-a"
              }
            ],
            "folder_id": "b1gq2jbqgstql6v5r6c6",
            "id": "e9biqacrl9enb29b04n7",
            "labels": {},
            "name": "future20-dev-portal-ip",
            "reserved": true,
            "timeouts": null,
            "used": true
          },
          "sensitive_attributes": [],
          "identity_schema_version": 0,
          "private": "eyJlMmJmYjczMC1lY2FhLTExZTYtOGY4OC0zNDM2M2JjN2M0YzAiOnsiY3JlYXRlIjozMDAwMDAwMDAwMCwiZGVsZXRlIjozMDAwMDAwMDAwMCwidXBkYXRlIjozMDAwMDAwMDAwMH19"
        }
      ]
    },
    {
      "mode": "managed",
      "type": "yandex_vpc_gateway",
      "name": "nat",
      "provider": "provider[\"registry.terraform.io/yandex-cloud/yandex\"]",
      "instances": [
        {
          "schema_version": 0,
          "attributes": {
            "created_at": "2026-08-31T12:53:31Z",
            "description": "",
            "folder_id": "b1gq2jbqgstql6v5r6c6",
            "id": "enpkq1obn144gan4ujk4",
            "labels": {},
            "name": "future20-dev-egress-nat",
            "shared_egress_gateway": [
              {}
            ],
            "timeouts": null
          },
          "sensitive_attributes": [],
          "identity_schema_version": 0,
          "private": "eyJlMmJmYjczMC1lY2FhLTExZTYtOGY4OC0zNDM2M2JjN2M0YzAiOnsiY3JlYXRlIjo2MDAwMDAwMDAwMCwiZGVsZXRlIjo2MDAwMDAwMDAwMCwidXBkYXRlIjo2MDAwMDAwMDAwMH19"
        }
      ]
    },
    {
      "mode": "managed",
      "type": "yandex_vpc_network",
      "name": "main",
      "provider": "provider[\"registry.terraform.io/yandex-cloud/yandex\"]",
      "instances": [
        {
          "schema_version": 0,
          "attributes": {
            "created_at": "2026-08-31T12:53:31Z",
            "default_security_group_id": "enpo6doatb6ddnsm253g",
            "description": "",
            "folder_id": "b1gq2jbqgstql6v5r6c6",
            "id": "enphnb3330jcafkiu95g",
            "labels": {},
            "name": "future20-dev-network",
            "subnet_ids": [
              "e9bbefh18duchku6f7c8",
              "e9bikd9od0uf309ojh1o",
              "e9bmb1oaqiudbu8r1pqm",
              "e9bmfqi2vais3r3gtmqb"
            ],
            "timeouts": null
          },
          "sensitive_attributes": [],
          "identity_schema_version": 0,
          "private": "eyJlMmJmYjczMC1lY2FhLTExZTYtOGY4OC0zNDM2M2JjN2M0YzAiOnsiY3JlYXRlIjo2MDAwMDAwMDAwMCwiZGVsZXRlIjo2MDAwMDAwMDAwMCwidXBkYXRlIjo2MDAwMDAwMDAwMH19"
        }
      ]
    },
    {
      "mode": "managed",
      "type": "yandex_vpc_route_table",
      "name": "nat_rt",
      "provider": "provider[\"registry.terraform.io/yandex-cloud/yandex\"]",
      "instances": [
        {
          "schema_version": 0,
          "attributes": {
            "created_at": "2026-08-31T12:53:33Z",
            "description": "",
            "folder_id": "b1gq2jbqgstql6v5r6c6",
            "id": "enpp323f9f2dsvh13q10",
            "labels": {},
            "name": "future20-dev-nat-rt",
            "network_id": "enphnb3330jcafkiu95g",
            "static_route": [
              {
                "destination_prefix": "0.0.0.0/0",
                "gateway_id": "enpkq1obn144gan4ujk4",
                "next_hop_address": ""
              }
            ],
            "timeouts": null
          },
          "sensitive_attributes": [],
          "identity_schema_version": 0,
          "private": "eyJlMmJmYjczMC1lY2FhLTExZTYtOGY4OC0zNDM2M2JjN2M0YzAiOnsiY3JlYXRlIjoxODAwMDAwMDAwMDAsImRlbGV0ZSI6MTgwMDAwMDAwMDAwLCJ1cGRhdGUiOjE4MDAwMDAwMDAwMH19",
          "dependencies": [
            "yandex_vpc_gateway.nat",
            "yandex_vpc_network.main"
          ]
        }
      ]
    },
    {
      "mode": "managed",
      "type": "yandex_vpc_security_group",
      "name": "internal_sg",
      "provider": "provider[\"registry.terraform.io/yandex-cloud/yandex\"]",
      "instances": [
        {
          "schema_version": 0,
          "attributes": {
            "created_at": "2026-08-31T12:53:35Z",
            "description": "",
            "egress": [
              {
                "description": "Исходящий трафик через NAT",
                "from_port": -1,
                "id": "enpjkmj4dibu6b7heu92",
                "labels": {},
                "port": -1,
                "predefined_target": "",
                "protocol": "ANY",
                "security_group_id": "",
                "to_port": -1,
                "v4_cidr_blocks": [
                  "0.0.0.0/0"
                ],
                "v6_cidr_blocks": []
              }
            ],
            "folder_id": "b1gq2jbqgstql6v5r6c6",
            "id": "enp08ucr0cu9bpb9jggj",
            "ingress": [
              {
                "description": "SSH только из корпоративной сети",
                "from_port": -1,
                "id": "enpan5jcalkegu1p019m",
                "labels": {},
                "port": 22,
                "predefined_target": "",
                "protocol": "TCP",
                "security_group_id": "",
                "to_port": -1,
                "v4_cidr_blocks": [
                  "5.129.84.188/32"
                ],
                "v6_cidr_blocks": []
              },
              {
                "description": "Сервисные порты внутри VPC (PG, Kafka, ClickHouse)",
                "from_port": 5432,
                "id": "enpjti6u8qmrlbtu5p8u",
                "labels": {},
                "port": -1,
                "predefined_target": "",
                "protocol": "TCP",
                "security_group_id": "",
                "to_port": 9092,
                "v4_cidr_blocks": [
                  "10.0.0.0/16"
                ],
                "v6_cidr_blocks": []
              }
            ],
            "labels": {},
            "name": "future20-dev-internal-sg",
            "network_id": "enphnb3330jcafkiu95g",
            "status": "ACTIVE",
            "timeouts": null
          },
          "sensitive_attributes": [],
          "identity_schema_version": 0,
          "private": "eyJlMmJmYjczMC1lY2FhLTExZTYtOGY4OC0zNDM2M2JjN2M0YzAiOnsiY3JlYXRlIjoxODAwMDAwMDAwMDAsImRlbGV0ZSI6MTgwMDAwMDAwMDAwLCJ1cGRhdGUiOjE4MDAwMDAwMDAwMH19",
          "dependencies": [
            "yandex_vpc_network.main"
          ]
        }
      ]
    },
    {
      "mode": "managed",
      "type": "yandex_vpc_security_group",
      "name": "public_sg",
      "provider": "provider[\"registry.terraform.io/yandex-cloud/yandex\"]",
      "instances": [
        {
          "schema_version": 0,
          "attributes": {
            "created_at": "2026-08-31T12:53:34Z",
            "description": "",
            "egress": [
              {
                "description": "Исходящий трафик через NAT",
                "from_port": -1,
                "id": "enp6djggom9jnlql67oc",
                "labels": {},
                "port": -1,
                "predefined_target": "",
                "protocol": "ANY",
                "security_group_id": "",
                "to_port": -1,
                "v4_cidr_blocks": [
                  "0.0.0.0/0"
                ],
                "v6_cidr_blocks": []
              }
            ],
            "folder_id": "b1gq2jbqgstql6v5r6c6",
            "id": "enplbvdmg11vkkm2e49b",
            "ingress": [
              {
                "description": "HTTP к порталу самообслуживания",
                "from_port": -1,
                "id": "enptcqqdjo79j2nbds1d",
                "labels": {},
                "port": 80,
                "predefined_target": "",
                "protocol": "TCP",
                "security_group_id": "",
                "to_port": -1,
                "v4_cidr_blocks": [
                  "0.0.0.0/0"
                ],
                "v6_cidr_blocks": []
              },
              {
                "description": "HTTPS к порталу самообслуживания",
                "from_port": -1,
                "id": "enpafhn17kj7h9kj5krr",
                "labels": {},
                "port": 443,
                "predefined_target": "",
                "protocol": "TCP",
                "security_group_id": "",
                "to_port": -1,
                "v4_cidr_blocks": [
                  "0.0.0.0/0"
                ],
                "v6_cidr_blocks": []
              },
              {
                "description": "SSH только из корпоративной сети",
                "from_port": -1,
                "id": "enpksvabq6g6pr5gijht",
                "labels": {},
                "port": 22,
                "predefined_target": "",
                "protocol": "TCP",
                "security_group_id": "",
                "to_port": -1,
                "v4_cidr_blocks": [
                  "5.129.84.188/32"
                ],
                "v6_cidr_blocks": []
              }
            ],
            "labels": {},
            "name": "future20-dev-public-sg",
            "network_id": "enphnb3330jcafkiu95g",
            "status": "ACTIVE",
            "timeouts": null
          },
          "sensitive_attributes": [],
          "identity_schema_version": 0,
          "private": "eyJlMmJmYjczMC1lY2FhLTExZTYtOGY4OC0zNDM2M2JjN2M0YzAiOnsiY3JlYXRlIjoxODAwMDAwMDAwMDAsImRlbGV0ZSI6MTgwMDAwMDAwMDAwLCJ1cGRhdGUiOjE4MDAwMDAwMDAwMH19",
          "dependencies": [
            "yandex_vpc_network.main"
          ]
        }
      ]
    },
    {
      "mode": "managed",
      "type": "yandex_vpc_subnet",
      "name": "ai",
      "provider": "provider[\"registry.terraform.io/yandex-cloud/yandex\"]",
      "instances": [
        {
          "schema_version": 0,
          "attributes": {
            "created_at": "2026-08-31T12:53:34Z",
            "description": "",
            "dhcp_options": [],
            "folder_id": "b1gq2jbqgstql6v5r6c6",
            "id": "e9bikd9od0uf309ojh1o",
            "labels": {},
            "name": "future20-dev-ai",
            "network_id": "enphnb3330jcafkiu95g",
            "route_table_id": "enpp323f9f2dsvh13q10",
            "timeouts": null,
            "v4_cidr_blocks": [
              "10.0.4.0/24"
            ],
            "v6_cidr_blocks": [],
            "zone": "ru-central1-a"
          },
          "sensitive_attributes": [],
          "identity_schema_version": 0,
          "private": "eyJlMmJmYjczMC1lY2FhLTExZTYtOGY4OC0zNDM2M2JjN2M0YzAiOnsiY3JlYXRlIjoxODAwMDAwMDAwMDAsImRlbGV0ZSI6MTgwMDAwMDAwMDAwLCJ1cGRhdGUiOjE4MDAwMDAwMDAwMH19",
          "dependencies": [
            "yandex_vpc_gateway.nat",
            "yandex_vpc_network.main",
            "yandex_vpc_route_table.nat_rt"
          ]
        }
      ]
    },
    {
      "mode": "managed",
      "type": "yandex_vpc_subnet",
      "name": "clinics",
      "provider": "provider[\"registry.terraform.io/yandex-cloud/yandex\"]",
      "instances": [
        {
          "schema_version": 0,
          "attributes": {
            "created_at": "2026-08-31T12:53:36Z",
            "description": "",
            "dhcp_options": [],
            "folder_id": "b1gq2jbqgstql6v5r6c6",
            "id": "e9bmfqi2vais3r3gtmqb",
            "labels": {},
            "name": "future20-dev-clinics",
            "network_id": "enphnb3330jcafkiu95g",
            "route_table_id": "enpp323f9f2dsvh13q10",
            "timeouts": null,
            "v4_cidr_blocks": [
              "10.0.2.0/24"
            ],
            "v6_cidr_blocks": [],
            "zone": "ru-central1-a"
          },
          "sensitive_attributes": [],
          "identity_schema_version": 0,
          "private": "eyJlMmJmYjczMC1lY2FhLTExZTYtOGY4OC0zNDM2M2JjN2M0YzAiOnsiY3JlYXRlIjoxODAwMDAwMDAwMDAsImRlbGV0ZSI6MTgwMDAwMDAwMDAwLCJ1cGRhdGUiOjE4MDAwMDAwMDAwMH19",
          "dependencies": [
            "yandex_vpc_gateway.nat",
            "yandex_vpc_network.main",
            "yandex_vpc_route_table.nat_rt"
          ]
        }
      ]
    },
    {
      "mode": "managed",
      "type": "yandex_vpc_subnet",
      "name": "fintech",
      "provider": "provider[\"registry.terraform.io/yandex-cloud/yandex\"]",
      "instances": [
        {
          "schema_version": 0,
          "attributes": {
            "created_at": "2026-08-31T12:53:35Z",
            "description": "",
            "dhcp_options": [],
            "folder_id": "b1gq2jbqgstql6v5r6c6",
            "id": "e9bbefh18duchku6f7c8",
            "labels": {},
            "name": "future20-dev-fintech",
            "network_id": "enphnb3330jcafkiu95g",
            "route_table_id": "enpp323f9f2dsvh13q10",
            "timeouts": null,
            "v4_cidr_blocks": [
              "10.0.3.0/24"
            ],
            "v6_cidr_blocks": [],
            "zone": "ru-central1-a"
          },
          "sensitive_attributes": [],
          "identity_schema_version": 0,
          "private": "eyJlMmJmYjczMC1lY2FhLTExZTYtOGY4OC0zNDM2M2JjN2M0YzAiOnsiY3JlYXRlIjoxODAwMDAwMDAwMDAsImRlbGV0ZSI6MTgwMDAwMDAwMDAwLCJ1cGRhdGUiOjE4MDAwMDAwMDAwMH19",
          "dependencies": [
            "yandex_vpc_gateway.nat",
            "yandex_vpc_network.main",
            "yandex_vpc_route_table.nat_rt"
          ]
        }
      ]
    },
    {
      "mode": "managed",
      "type": "yandex_vpc_subnet",
      "name": "platform",
      "provider": "provider[\"registry.terraform.io/yandex-cloud/yandex\"]",
      "instances": [
        {
          "schema_version": 0,
          "attributes": {
            "created_at": "2026-08-31T12:53:37Z",
            "description": "",
            "dhcp_options": [],
            "folder_id": "b1gq2jbqgstql6v5r6c6",
            "id": "e9bmb1oaqiudbu8r1pqm",
            "labels": {},
            "name": "future20-dev-platform",
            "network_id": "enphnb3330jcafkiu95g",
            "route_table_id": "enpp323f9f2dsvh13q10",
            "timeouts": null,
            "v4_cidr_blocks": [
              "10.0.1.0/24"
            ],
            "v6_cidr_blocks": [],
            "zone": "ru-central1-a"
          },
          "sensitive_attributes": [],
          "identity_schema_version": 0,
          "private": "eyJlMmJmYjczMC1lY2FhLTExZTYtOGY4OC0zNDM2M2JjN2M0YzAiOnsiY3JlYXRlIjoxODAwMDAwMDAwMDAsImRlbGV0ZSI6MTgwMDAwMDAwMDAwLCJ1cGRhdGUiOjE4MDAwMDAwMDAwMH19",
          "dependencies": [
            "yandex_vpc_gateway.nat",
            "yandex_vpc_network.main",
            "yandex_vpc_route_table.nat_rt"
          ]
        }
      ]
    }
  ],
  "check_results": null
}
