{
  "version": 4,
  "terraform_version": "1.16.0",
  "serial": 39,
  "lineage": "2fee33a2-3afc-8284-3f25-4e52af20e54e",
  "outputs": {},
  "resources": [
    {
      "mode": "managed",
      "type": "yandex_mdb_postgresql_cluster",
      "name": "clinics",
      "provider": "provider[\"registry.terraform.io/yandex-cloud/yandex\"]",
      "instances": [
        {
          "schema_version": 0,
          "attributes": {
            "config": [
              {
                "access": [
                  {
                    "data_lens": false,
                    "data_transfer": false,
                    "serverless": false,
                    "web_sql": false
                  }
                ],
                "autofailover": true,
                "backup_retain_period_days": 7,
                "backup_window_start": [
                  {
                    "hours": 0,
                    "minutes": 0
                  }
                ],
                "disk_size_autoscaling": [
                  {
                    "disk_size_limit": 0,
                    "emergency_usage_threshold": 0,
                    "planned_usage_threshold": 0
                  }
                ],
                "performance_diagnostics": [
                  {
                    "enabled": false,
                    "sessions_sampling_interval": 60,
                    "statements_sampling_interval": 600
                  }
                ],
                "pooler_config": [],
                "postgresql_config": {
                  "debug_parallel_query": "0",
                  "password_encryption": "1",
                  "shared_preload_libraries": ""
                },
                "resources": [
                  {
                    "disk_size": 20,
                    "disk_type_id": "network-ssd",
                    "resource_preset_id": "s2.micro"
                  }
                ],
                "version": "16"
              }
            ],
            "created_at": "2026-08-31T12:53:36Z",
            "database": [],
            "deletion_protection": false,
            "description": "",
            "environment": "PRESTABLE",
            "folder_id": "b1gq2jbqgstql6v5r6c6",
            "health": "ALIVE",
            "host": [
              {
                "assign_public_ip": false,
                "fqdn": "rc1a-t47597hhtopadvia.mdb.yandexcloud.net",
                "name": "",
                "priority": 0,
                "replication_source": "",
                "replication_source_name": "",
                "role": "MASTER",
                "subnet_id": "e9bmfqi2vais3r3gtmqb",
                "zone": "ru-central1-a"
              }
            ],
            "host_group_ids": [],
            "host_master_name": "",
            "id": "c9qr4fu97uqt57qpfdqa",
            "labels": {},
            "maintenance_window": [
              {
                "day": "",
                "hour": 0,
                "type": "ANYTIME"
              }
            ],
            "name": "future20-dev-clinics-db",
            "network_id": "enphnb3330jcafkiu95g",
            "restore": [],
            "security_group_ids": [],
            "status": "RUNNING",
            "timeouts": null,
            "user": []
          },
          "sensitive_attributes": [],
          "identity_schema_version": 0,
          "private": "eyJlMmJmYjczMC1lY2FhLTExZTYtOGY4OC0zNDM2M2JjN2M0YzAiOnsiY3JlYXRlIjoxODAwMDAwMDAwMDAwLCJkZWxldGUiOjkwMDAwMDAwMDAwMCwidXBkYXRlIjozNjAwMDAwMDAwMDAwfX0=",
          "dependencies": [
            "yandex_vpc_gateway.nat",
            "yandex_vpc_network.main",
            "yandex_vpc_route_table.nat_rt",
            "yandex_vpc_subnet.clinics"
          ]
        }
      ]
    },
    {
      "mode": "managed",
      "type": "yandex_vpc_gateway",
      "name": "nat",
      "provider": "provider[\"registry.terraform.io/yandex-cloud/yandex\"]",
      "instances": [
        {
          "schema_version": 0,
          "attributes": {
            "created_at": "2026-08-31T12:53:31Z",
            "description": "",
            "folder_id": "b1gq2jbqgstql6v5r6c6",
            "id": "enpkq1obn144gan4ujk4",
            "labels": {},
            "name": "future20-dev-egress-nat",
            "shared_egress_gateway": [
              {}
            ],
            "timeouts": null
          },
          "sensitive_attributes": [],
          "identity_schema_version": 0,
          "private": "eyJlMmJmYjczMC1lY2FhLTExZTYtOGY4OC0zNDM2M2JjN2M0YzAiOnsiY3JlYXRlIjo2MDAwMDAwMDAwMCwiZGVsZXRlIjo2MDAwMDAwMDAwMCwidXBkYXRlIjo2MDAwMDAwMDAwMH19"
        }
      ]
    },
    {
      "mode": "managed",
      "type": "yandex_vpc_network",
      "name": "main",
      "provider": "provider[\"registry.terraform.io/yandex-cloud/yandex\"]",
      "instances": [
        {
          "schema_version": 0,
          "attributes": {
            "created_at": "2026-08-31T12:53:31Z",
            "default_security_group_id": "enpo6doatb6ddnsm253g",
            "description": "",
            "folder_id": "b1gq2jbqgstql6v5r6c6",
            "id": "enphnb3330jcafkiu95g",
            "labels": {},
            "name": "future20-dev-network",
            "subnet_ids": [
              "e9bbefh18duchku6f7c8",
              "e9bikd9od0uf309ojh1o",
              "e9bmb1oaqiudbu8r1pqm",
              "e9bmfqi2vais3r3gtmqb"
            ],
            "timeouts": null
          },
          "sensitive_attributes": [],
          "identity_schema_version": 0,
          "private": "eyJlMmJmYjczMC1lY2FhLTExZTYtOGY4OC0zNDM2M2JjN2M0YzAiOnsiY3JlYXRlIjo2MDAwMDAwMDAwMCwiZGVsZXRlIjo2MDAwMDAwMDAwMCwidXBkYXRlIjo2MDAwMDAwMDAwMH19"
        }
      ]
    },
    {
      "mode": "managed",
      "type": "yandex_vpc_route_table",
      "name": "nat_rt",
      "provider": "provider[\"registry.terraform.io/yandex-cloud/yandex\"]",
      "instances": [
        {
          "schema_version": 0,
          "attributes": {
            "created_at": "2026-08-31T12:53:33Z",
            "description": "",
            "folder_id": "b1gq2jbqgstql6v5r6c6",
            "id": "enpp323f9f2dsvh13q10",
            "labels": {},
            "name": "future20-dev-nat-rt",
            "network_id": "enphnb3330jcafkiu95g",
            "static_route": [
              {
                "destination_prefix": "0.0.0.0/0",
                "gateway_id": "enpkq1obn144gan4ujk4",
                "next_hop_address": ""
              }
            ],
            "timeouts": null
          },
          "sensitive_attributes": [],
          "identity_schema_version": 0,
          "private": "eyJlMmJmYjczMC1lY2FhLTExZTYtOGY4OC0zNDM2M2JjN2M0YzAiOnsiY3JlYXRlIjoxODAwMDAwMDAwMDAsImRlbGV0ZSI6MTgwMDAwMDAwMDAwLCJ1cGRhdGUiOjE4MDAwMDAwMDAwMH19",
          "dependencies": [
            "yandex_vpc_gateway.nat",
            "yandex_vpc_network.main"
          ]
        }
      ]
    },
    {
      "mode": "managed",
      "type": "yandex_vpc_subnet",
      "name": "clinics",
      "provider": "provider[\"registry.terraform.io/yandex-cloud/yandex\"]",
      "instances": [
        {
          "schema_version": 0,
          "attributes": {
            "created_at": "2026-08-31T12:53:36Z",
            "description": "",
            "dhcp_options": [],
            "folder_id": "b1gq2jbqgstql6v5r6c6",
            "id": "e9bmfqi2vais3r3gtmqb",
            "labels": {},
            "name": "future20-dev-clinics",
            "network_id": "enphnb3330jcafkiu95g",
            "route_table_id": "enpp323f9f2dsvh13q10",
            "timeouts": null,
            "v4_cidr_blocks": [
              "10.0.2.0/24"
            ],
            "v6_cidr_blocks": [],
            "zone": "ru-central1-a"
          },
          "sensitive_attributes": [],
          "identity_schema_version": 0,
          "private": "eyJlMmJmYjczMC1lY2FhLTExZTYtOGY4OC0zNDM2M2JjN2M0YzAiOnsiY3JlYXRlIjoxODAwMDAwMDAwMDAsImRlbGV0ZSI6MTgwMDAwMDAwMDAwLCJ1cGRhdGUiOjE4MDAwMDAwMDAwMH19",
          "dependencies": [
            "yandex_vpc_gateway.nat",
            "yandex_vpc_network.main",
            "yandex_vpc_route_table.nat_rt"
          ]
        }
      ]
    }
  ],
  "check_results": null
}
